// !$*UTF8*$!
{
	archiveVersion = 1;
	classes = {
	};
	objectVersion = 48;
	objects = {

/* Begin PBXBuildFile section */
		42FE7A2E0F07CACBCC4828E8 /* Pods_ReadMinderUITests.framework in Frameworks */ = {isa = PBXBuildFile; fileRef = C8D90C9B73B6DDE2093A53F5 /* Pods_ReadMinderUITests.framework */; };
		9118A615203CBCAA00650CA9 /* CloudKit.framework in Frameworks */ = {isa = PBXBuildFile; fileRef = 917EBD502030D17C00973A30 /* CloudKit.framework */; };
		915462242028F9E800323B46 /* Application.swift in Sources */ = {isa = PBXBuildFile; fileRef = 915462232028F9E800323B46 /* Application.swift */; };
		915462262028F9E800323B46 /* ViewController.swift in Sources */ = {isa = PBXBuildFile; fileRef = 915462252028F9E800323B46 /* ViewController.swift */; };
		915462292028F9E800323B46 /* Main.storyboard in Resources */ = {isa = PBXBuildFile; fileRef = 915462272028F9E800323B46 /* Main.storyboard */; };
		9154622B2028F9E800323B46 /* Assets.xcassets in Resources */ = {isa = PBXBuildFile; fileRef = 9154622A2028F9E800323B46 /* Assets.xcassets */; };
		9154622E2028F9E800323B46 /* LaunchScreen.storyboard in Resources */ = {isa = PBXBuildFile; fileRef = 9154622C2028F9E800323B46 /* LaunchScreen.storyboard */; };
		915462392028F9E900323B46 /* ReadMinderTests.swift in Sources */ = {isa = PBXBuildFile; fileRef = 915462382028F9E900323B46 /* ReadMinderTests.swift */; };
		915462442028F9E900323B46 /* ReadMinderUITests.swift in Sources */ = {isa = PBXBuildFile; fileRef = 915462432028F9E900323B46 /* ReadMinderUITests.swift */; };
		917EBD442030D13900973A30 /* ShareViewController.swift in Sources */ = {isa = PBXBuildFile; fileRef = 917EBD432030D13900973A30 /* ShareViewController.swift */; };
		917EBD472030D13900973A30 /* MainInterface.storyboard in Resources */ = {isa = PBXBuildFile; fileRef = 917EBD452030D13900973A30 /* MainInterface.storyboard */; };
		917EBD4B2030D13900973A30 /* Share.iOS.appex in Embed App Extensions */ = {isa = PBXBuildFile; fileRef = 917EBD412030D13900973A30 /* Share.iOS.appex */; settings = {ATTRIBUTES = (RemoveHeadersOnCopy, ); }; };
		917EBD512030D17C00973A30 /* CloudKit.framework in Frameworks */ = {isa = PBXBuildFile; fileRef = 917EBD502030D17C00973A30 /* CloudKit.framework */; };
		917EBD532030D22300973A30 /* CloudKit.framework in Frameworks */ = {isa = PBXBuildFile; fileRef = 917EBD502030D17C00973A30 /* CloudKit.framework */; };
		917EBD612030E1E900973A30 /* NotificationCenter.framework in Frameworks */ = {isa = PBXBuildFile; fileRef = 917EBD602030E1E900973A30 /* NotificationCenter.framework */; };
		917EBD642030E1E900973A30 /* TodayViewController.swift in Sources */ = {isa = PBXBuildFile; fileRef = 917EBD632030E1E900973A30 /* TodayViewController.swift */; };
		917EBD672030E1E900973A30 /* MainInterface.storyboard in Resources */ = {isa = PBXBuildFile; fileRef = 917EBD652030E1E900973A30 /* MainInterface.storyboard */; };
		917EBD6B2030E1E900973A30 /* Today.iOS.appex in Embed App Extensions */ = {isa = PBXBuildFile; fileRef = 917EBD5F2030E1E900973A30 /* Today.iOS.appex */; settings = {ATTRIBUTES = (RemoveHeadersOnCopy, ); }; };
		917EBD8B2030F15F00973A30 /* MainAssembler.swift in Sources */ = {isa = PBXBuildFile; fileRef = 917EBD8A2030F15F00973A30 /* MainAssembler.swift */; };
		AA144A30AAF2D3065DFAA361 /* Pods_ReadMinder.framework in Frameworks */ = {isa = PBXBuildFile; fileRef = B47A708D7CC28180B2D81467 /* Pods_ReadMinder.framework */; };
		BBDB638E6817F40D723D4589 /* Pods_ReadMinderTests.framework in Frameworks */ = {isa = PBXBuildFile; fileRef = 1055B6362C65A12746FDD990 /* Pods_ReadMinderTests.framework */; };
/* End PBXBuildFile section */

/* Begin PBXContainerItemProxy section */
		915462352028F9E900323B46 /* PBXContainerItemProxy */ = {
			isa = PBXContainerItemProxy;
			containerPortal = 915462182028F9E800323B46 /* Project object */;
			proxyType = 1;
			remoteGlobalIDString = 9154621F2028F9E800323B46;
			remoteInfo = ReadMinder;
		};
		915462402028F9E900323B46 /* PBXContainerItemProxy */ = {
			isa = PBXContainerItemProxy;
			containerPortal = 915462182028F9E800323B46 /* Project object */;
			proxyType = 1;
			remoteGlobalIDString = 9154621F2028F9E800323B46;
			remoteInfo = ReadMinder;
		};
		917EBD492030D13900973A30 /* PBXContainerItemProxy */ = {
			isa = PBXContainerItemProxy;
			containerPortal = 915462182028F9E800323B46 /* Project object */;
			proxyType = 1;
			remoteGlobalIDString = 917EBD402030D13900973A30;
			remoteInfo = Share;
		};
		917EBD692030E1E900973A30 /* PBXContainerItemProxy */ = {
			isa = PBXContainerItemProxy;
			containerPortal = 915462182028F9E800323B46 /* Project object */;
			proxyType = 1;
			remoteGlobalIDString = 917EBD5E2030E1E900973A30;
			remoteInfo = Today;
		};
/* End PBXContainerItemProxy section */

/* Begin PBXCopyFilesBuildPhase section */
		918E922720290FDB00B0C085 /* Embed App Extensions */ = {
			isa = PBXCopyFilesBuildPhase;
			buildActionMask = 2147483647;
			dstPath = "";
			dstSubfolderSpec = 13;
			files = (
				917EBD6B2030E1E900973A30 /* Today.iOS.appex in Embed App Extensions */,
				917EBD4B2030D13900973A30 /* Share.iOS.appex in Embed App Extensions */,
			);
			name = "Embed App Extensions";
			runOnlyForDeploymentPostprocessing = 0;
		};
/* End PBXCopyFilesBuildPhase section */

/* Begin PBXFileReference section */
		1055B6362C65A12746FDD990 /* Pods_ReadMinderTests.framework */ = {isa = PBXFileReference; explicitFileType = wrapper.framework; includeInIndex = 0; path = Pods_ReadMinderTests.framework; sourceTree = BUILT_PRODUCTS_DIR; };
		7E71C54BFD911EB8ECD6F777 /* Pods-ReadMinderTests.release.xcconfig */ = {isa = PBXFileReference; includeInIndex = 1; lastKnownFileType = text.xcconfig; name = "Pods-ReadMinderTests.release.xcconfig"; path = "Pods/Target Support Files/Pods-ReadMinderTests/Pods-ReadMinderTests.release.xcconfig"; sourceTree = "<group>"; };
		915462202028F9E800323B46 /* ReadMinder.iOS.app */ = {isa = PBXFileReference; explicitFileType = wrapper.application; includeInIndex = 0; path = ReadMinder.iOS.app; sourceTree = BUILT_PRODUCTS_DIR; };
		915462232028F9E800323B46 /* Application.swift */ = {isa = PBXFileReference; lastKnownFileType = sourcecode.swift; path = Application.swift; sourceTree = "<group>"; };
		915462252028F9E800323B46 /* ViewController.swift */ = {isa = PBXFileReference; lastKnownFileType = sourcecode.swift; path = ViewController.swift; sourceTree = "<group>"; };
		915462282028F9E800323B46 /* Base */ = {isa = PBXFileReference; lastKnownFileType = file.storyboard; name = Base; path = Base.lproj/Main.storyboard; sourceTree = "<group>"; };
		9154622A2028F9E800323B46 /* Assets.xcassets */ = {isa = PBXFileReference; lastKnownFileType = folder.assetcatalog; path = Assets.xcassets; sourceTree = "<group>"; };
		9154622D2028F9E800323B46 /* Base */ = {isa = PBXFileReference; lastKnownFileType = file.storyboard; name = Base; path = Base.lproj/LaunchScreen.storyboard; sourceTree = "<group>"; };
		9154622F2028F9E800323B46 /* Info.plist */ = {isa = PBXFileReference; lastKnownFileType = text.plist.xml; path = Info.plist; sourceTree = "<group>"; };
		915462342028F9E900323B46 /* ReadMinder.iOS-Tests.xctest */ = {isa = PBXFileReference; explicitFileType = wrapper.cfbundle; includeInIndex = 0; path = "ReadMinder.iOS-Tests.xctest"; sourceTree = BUILT_PRODUCTS_DIR; };
		915462382028F9E900323B46 /* ReadMinderTests.swift */ = {isa = PBXFileReference; lastKnownFileType = sourcecode.swift; path = ReadMinderTests.swift; sourceTree = "<group>"; };
		9154623A2028F9E900323B46 /* Info.plist */ = {isa = PBXFileReference; lastKnownFileType = text.plist.xml; path = Info.plist; sourceTree = "<group>"; };
		9154623F2028F9E900323B46 /* ReadMinder.iOS-UITests.xctest */ = {isa = PBXFileReference; explicitFileType = wrapper.cfbundle; includeInIndex = 0; path = "ReadMinder.iOS-UITests.xctest"; sourceTree = BUILT_PRODUCTS_DIR; };
		915462432028F9E900323B46 /* ReadMinderUITests.swift */ = {isa = PBXFileReference; lastKnownFileType = sourcecode.swift; path = ReadMinderUITests.swift; sourceTree = "<group>"; };
		915462452028F9E900323B46 /* Info.plist */ = {isa = PBXFileReference; lastKnownFileType = text.plist.xml; path = Info.plist; sourceTree = "<group>"; };
		917EBD412030D13900973A30 /* Share.iOS.appex */ = {isa = PBXFileReference; explicitFileType = "wrapper.app-extension"; includeInIndex = 0; path = Share.iOS.appex; sourceTree = BUILT_PRODUCTS_DIR; };
		917EBD432030D13900973A30 /* ShareViewController.swift */ = {isa = PBXFileReference; lastKnownFileType = sourcecode.swift; path = ShareViewController.swift; sourceTree = "<group>"; };
		917EBD462030D13900973A30 /* Base */ = {isa = PBXFileReference; lastKnownFileType = file.storyboard; name = Base; path = Base.lproj/MainInterface.storyboard; sourceTree = "<group>"; };
		917EBD482030D13900973A30 /* Info.plist */ = {isa = PBXFileReference; lastKnownFileType = text.plist.xml; path = Info.plist; sourceTree = "<group>"; };
		917EBD4F2030D17600973A30 /* ReadMinder.entitlements */ = {isa = PBXFileReference; lastKnownFileType = text.plist.entitlements; path = ReadMinder.entitlements; sourceTree = "<group>"; };
		917EBD502030D17C00973A30 /* CloudKit.framework */ = {isa = PBXFileReference; lastKnownFileType = wrapper.framework; name = CloudKit.framework; path = System/Library/Frameworks/CloudKit.framework; sourceTree = SDKROOT; };
		917EBD522030D21C00973A30 /* Share.entitlements */ = {isa = PBXFileReference; lastKnownFileType = text.plist.entitlements; path = Share.entitlements; sourceTree = "<group>"; };
		917EBD5F2030E1E900973A30 /* Today.iOS.appex */ = {isa = PBXFileReference; explicitFileType = "wrapper.app-extension"; includeInIndex = 0; path = Today.iOS.appex; sourceTree = BUILT_PRODUCTS_DIR; };
		917EBD602030E1E900973A30 /* NotificationCenter.framework */ = {isa = PBXFileReference; lastKnownFileType = wrapper.framework; name = NotificationCenter.framework; path = System/Library/Frameworks/NotificationCenter.framework; sourceTree = SDKROOT; };
		917EBD632030E1E900973A30 /* TodayViewController.swift */ = {isa = PBXFileReference; lastKnownFileType = sourcecode.swift; path = TodayViewController.swift; sourceTree = "<group>"; };
		917EBD662030E1E900973A30 /* Base */ = {isa = PBXFileReference; lastKnownFileType = file.storyboard; name = Base; path = Base.lproj/MainInterface.storyboard; sourceTree = "<group>"; };
		917EBD682030E1E900973A30 /* Info.plist */ = {isa = PBXFileReference; lastKnownFileType = text.plist.xml; path = Info.plist; sourceTree = "<group>"; };
		917EBD6F2030E20200973A30 /* Today.entitlements */ = {isa = PBXFileReference; lastKnownFileType = text.plist.entitlements; path = Today.entitlements; sourceTree = "<group>"; };
		917EBD8A2030F15F00973A30 /* MainAssembler.swift */ = {isa = PBXFileReference; lastKnownFileType = sourcecode.swift; path = MainAssembler.swift; sourceTree = "<group>"; };
		94844C563DEC20CC3BE258A3 /* Pods-ReadMinder.debug.xcconfig */ = {isa = PBXFileReference; includeInIndex = 1; lastKnownFileType = text.xcconfig; name = "Pods-ReadMinder.debug.xcconfig"; path = "Pods/Target Support Files/Pods-ReadMinder/Pods-ReadMinder.debug.xcconfig"; sourceTree = "<group>"; };
		B47A708D7CC28180B2D81467 /* Pods_ReadMinder.framework */ = {isa = PBXFileReference; explicitFileType = wrapper.framework; includeInIndex = 0; path = Pods_ReadMinder.framework; sourceTree = BUILT_PRODUCTS_DIR; };
		C8D90C9B73B6DDE2093A53F5 /* Pods_ReadMinderUITests.framework */ = {isa = PBXFileReference; explicitFileType = wrapper.framework; includeInIndex = 0; path = Pods_ReadMinderUITests.framework; sourceTree = BUILT_PRODUCTS_DIR; };
		D90F743EB8E6757F9F370417 /* Pods-ReadMinderUITests.debug.xcconfig */ = {isa = PBXFileReference; includeInIndex = 1; lastKnownFileType = text.xcconfig; name = "Pods-ReadMinderUITests.debug.xcconfig"; path = "Pods/Target Support Files/Pods-ReadMinderUITests/Pods-ReadMinderUITests.debug.xcconfig"; sourceTree = "<group>"; };
		DE015C052FCC505D6A7A072C /* Pods-ReadMinderUITests.release.xcconfig */ = {isa = PBXFileReference; includeInIndex = 1; lastKnownFileType = text.xcconfig; name = "Pods-ReadMinderUITests.release.xcconfig"; path = "Pods/Target Support Files/Pods-ReadMinderUITests/Pods-ReadMinderUITests.release.xcconfig"; sourceTree = "<group>"; };
		E0D2D902B91F39CE7015430F /* Pods-ReadMinder.release.xcconfig */ = {isa = PBXFileReference; includeInIndex = 1; lastKnownFileType = text.xcconfig; name = "Pods-ReadMinder.release.xcconfig"; path = "Pods/Target Support Files/Pods-ReadMinder/Pods-ReadMinder.release.xcconfig"; sourceTree = "<group>"; };
		FA82A93A7BF89F31A9E7236F /* Pods-ReadMinderTests.debug.xcconfig */ = {isa = PBXFileReference; includeInIndex = 1; lastKnownFileType = text.xcconfig; name = "Pods-ReadMinderTests.debug.xcconfig"; path = "Pods/Target Support Files/Pods-ReadMinderTests/Pods-ReadMinderTests.debug.xcconfig"; sourceTree = "<group>"; };
/* End PBXFileReference section */

/* Begin PBXFrameworksBuildPhase section */
		9154621D2028F9E800323B46 /* Frameworks */ = {
			isa = PBXFrameworksBuildPhase;
			buildActionMask = 2147483647;
			files = (
				AA144A30AAF2D3065DFAA361 /* Pods_ReadMinder.framework in Frameworks */,
				917EBD512030D17C00973A30 /* CloudKit.framework in Frameworks */,
			);
			runOnlyForDeploymentPostprocessing = 0;
		};
		915462312028F9E900323B46 /* Frameworks */ = {
			isa = PBXFrameworksBuildPhase;
			buildActionMask = 2147483647;
			files = (
				BBDB638E6817F40D723D4589 /* Pods_ReadMinderTests.framework in Frameworks */,
			);
			runOnlyForDeploymentPostprocessing = 0;
		};
		9154623C2028F9E900323B46 /* Frameworks */ = {
			isa = PBXFrameworksBuildPhase;
			buildActionMask = 2147483647;
			files = (
				42FE7A2E0F07CACBCC4828E8 /* Pods_ReadMinderUITests.framework in Frameworks */,
			);
			runOnlyForDeploymentPostprocessing = 0;
		};
		917EBD3E2030D13900973A30 /* Frameworks */ = {
			isa = PBXFrameworksBuildPhase;
			buildActionMask = 2147483647;
			files = (
				917EBD532030D22300973A30 /* CloudKit.framework in Frameworks */,
			);
			runOnlyForDeploymentPostprocessing = 0;
		};
		917EBD5C2030E1E900973A30 /* Frameworks */ = {
			isa = PBXFrameworksBuildPhase;
			buildActionMask = 2147483647;
			files = (
				917EBD612030E1E900973A30 /* NotificationCenter.framework in Frameworks */,
				9118A615203CBCAA00650CA9 /* CloudKit.framework in Frameworks */,
			);
			runOnlyForDeploymentPostprocessing = 0;
		};
/* End PBXFrameworksBuildPhase section */

/* Begin PBXGroup section */
		6E69AF5DBB46CD1FC6F04C7C /* Frameworks */ = {
			isa = PBXGroup;
			children = (
				917EBD502030D17C00973A30 /* CloudKit.framework */,
				B47A708D7CC28180B2D81467 /* Pods_ReadMinder.framework */,
				1055B6362C65A12746FDD990 /* Pods_ReadMinderTests.framework */,
				C8D90C9B73B6DDE2093A53F5 /* Pods_ReadMinderUITests.framework */,
				917EBD602030E1E900973A30 /* NotificationCenter.framework */,
			);
			name = Frameworks;
			sourceTree = "<group>";
		};
		915462172028F9E800323B46 = {
			isa = PBXGroup;
			children = (
				915462222028F9E800323B46 /* ReadMinder */,
				915462372028F9E900323B46 /* ReadMinderTests */,
				915462422028F9E900323B46 /* ReadMinderUITests */,
				917EBD422030D13900973A30 /* Share */,
				917EBD622030E1E900973A30 /* Today */,
				915462212028F9E800323B46 /* Products */,
				BE96C26128177900EC086F88 /* Pods */,
				6E69AF5DBB46CD1FC6F04C7C /* Frameworks */,
			);
			sourceTree = "<group>";
		};
		915462212028F9E800323B46 /* Products */ = {
			isa = PBXGroup;
			children = (
				915462202028F9E800323B46 /* ReadMinder.iOS.app */,
				915462342028F9E900323B46 /* ReadMinder.iOS-Tests.xctest */,
				9154623F2028F9E900323B46 /* ReadMinder.iOS-UITests.xctest */,
				917EBD412030D13900973A30 /* Share.iOS.appex */,
				917EBD5F2030E1E900973A30 /* Today.iOS.appex */,
			);
			name = Products;
			sourceTree = "<group>";
		};
		915462222028F9E800323B46 /* ReadMinder */ = {
			isa = PBXGroup;
			children = (
				917EBD4F2030D17600973A30 /* ReadMinder.entitlements */,
				915462232028F9E800323B46 /* Application.swift */,
				917EBD8A2030F15F00973A30 /* MainAssembler.swift */,
				915462252028F9E800323B46 /* ViewController.swift */,
				915462272028F9E800323B46 /* Main.storyboard */,
				9154622A2028F9E800323B46 /* Assets.xcassets */,
				9154622C2028F9E800323B46 /* LaunchScreen.storyboard */,
				9154622F2028F9E800323B46 /* Info.plist */,
			);
			path = ReadMinder;
			sourceTree = "<group>";
		};
		915462372028F9E900323B46 /* ReadMinderTests */ = {
			isa = PBXGroup;
			children = (
				915462382028F9E900323B46 /* ReadMinderTests.swift */,
				9154623A2028F9E900323B46 /* Info.plist */,
			);
			path = ReadMinderTests;
			sourceTree = "<group>";
		};
		915462422028F9E900323B46 /* ReadMinderUITests */ = {
			isa = PBXGroup;
			children = (
				915462432028F9E900323B46 /* ReadMinderUITests.swift */,
				915462452028F9E900323B46 /* Info.plist */,
			);
			path = ReadMinderUITests;
			sourceTree = "<group>";
		};
		917EBD422030D13900973A30 /* Share */ = {
			isa = PBXGroup;
			children = (
				917EBD522030D21C00973A30 /* Share.entitlements */,
				917EBD432030D13900973A30 /* ShareViewController.swift */,
				917EBD452030D13900973A30 /* MainInterface.storyboard */,
				917EBD482030D13900973A30 /* Info.plist */,
			);
			path = Share;
			sourceTree = "<group>";
		};
		917EBD622030E1E900973A30 /* Today */ = {
			isa = PBXGroup;
			children = (
				917EBD6F2030E20200973A30 /* Today.entitlements */,
				917EBD632030E1E900973A30 /* TodayViewController.swift */,
				917EBD652030E1E900973A30 /* MainInterface.storyboard */,
				917EBD682030E1E900973A30 /* Info.plist */,
			);
			path = Today;
			sourceTree = "<group>";
		};
		BE96C26128177900EC086F88 /* Pods */ = {
			isa = PBXGroup;
			children = (
				94844C563DEC20CC3BE258A3 /* Pods-ReadMinder.debug.xcconfig */,
				E0D2D902B91F39CE7015430F /* Pods-ReadMinder.release.xcconfig */,
				FA82A93A7BF89F31A9E7236F /* Pods-ReadMinderTests.debug.xcconfig */,
				7E71C54BFD911EB8ECD6F777 /* Pods-ReadMinderTests.release.xcconfig */,
				D90F743EB8E6757F9F370417 /* Pods-ReadMinderUITests.debug.xcconfig */,
				DE015C052FCC505D6A7A072C /* Pods-ReadMinderUITests.release.xcconfig */,
			);
			name = Pods;
			sourceTree = "<group>";
		};
/* End PBXGroup section */

/* Begin PBXNativeTarget section */
		9154621F2028F9E800323B46 /* ReadMinder.iOS */ = {
			isa = PBXNativeTarget;
			buildConfigurationList = 915462482028F9E900323B46 /* Build configuration list for PBXNativeTarget "ReadMinder.iOS" */;
			buildPhases = (
				F294AD4619A85696D3D27354 /* [CP] Check Pods Manifest.lock */,
				9154621C2028F9E800323B46 /* Sources */,
				9154621D2028F9E800323B46 /* Frameworks */,
				9154621E2028F9E800323B46 /* Resources */,
				2F4E6765C39CBCE6F5A40325 /* [CP] Embed Pods Frameworks */,
				91F32C76130E7FCA5F4C315D /* [CP] Copy Pods Resources */,
				918E922720290FDB00B0C085 /* Embed App Extensions */,
			);
			buildRules = (
			);
			dependencies = (
				917EBD4A2030D13900973A30 /* PBXTargetDependency */,
				917EBD6A2030E1E900973A30 /* PBXTargetDependency */,
			);
			name = ReadMinder.iOS;
			productName = ReadMinder;
			productReference = 915462202028F9E800323B46 /* ReadMinder.iOS.app */;
			productType = "com.apple.product-type.application";
		};
		915462332028F9E900323B46 /* ReadMinder.iOS-Tests */ = {
			isa = PBXNativeTarget;
			buildConfigurationList = 9154624B2028F9E900323B46 /* Build configuration list for PBXNativeTarget "ReadMinder.iOS-Tests" */;
			buildPhases = (
				94B03C9E04E55838C7DDE7B7 /* [CP] Check Pods Manifest.lock */,
				915462302028F9E900323B46 /* Sources */,
				915462312028F9E900323B46 /* Frameworks */,
				915462322028F9E900323B46 /* Resources */,
				69148A08564E1B8877FEC3CD /* [CP] Embed Pods Frameworks */,
				D0F0999C574432EE4BAB6720 /* [CP] Copy Pods Resources */,
			);
			buildRules = (
			);
			dependencies = (
				915462362028F9E900323B46 /* PBXTargetDependency */,
			);
			name = "ReadMinder.iOS-Tests";
			productName = ReadMinderTests;
			productReference = 915462342028F9E900323B46 /* ReadMinder.iOS-Tests.xctest */;
			productType = "com.apple.product-type.bundle.unit-test";
		};
		9154623E2028F9E900323B46 /* ReadMinder.iOS-UITests */ = {
			isa = PBXNativeTarget;
			buildConfigurationList = 9154624E2028F9E900323B46 /* Build configuration list for PBXNativeTarget "ReadMinder.iOS-UITests" */;
			buildPhases = (
				2C1B443AE9AEB8BAA5284E48 /* [CP] Check Pods Manifest.lock */,
				9154623B2028F9E900323B46 /* Sources */,
				9154623C2028F9E900323B46 /* Frameworks */,
				9154623D2028F9E900323B46 /* Resources */,
				B402212CA1A6C6D7490D00B1 /* [CP] Embed Pods Frameworks */,
				34059A7455AC8033F5C5347E /* [CP] Copy Pods Resources */,
			);
			buildRules = (
			);
			dependencies = (
				915462412028F9E900323B46 /* PBXTargetDependency */,
			);
			name = "ReadMinder.iOS-UITests";
			productName = ReadMinderUITests;
			productReference = 9154623F2028F9E900323B46 /* ReadMinder.iOS-UITests.xctest */;
			productType = "com.apple.product-type.bundle.ui-testing";
		};
		917EBD402030D13900973A30 /* Share.iOS */ = {
			isa = PBXNativeTarget;
			buildConfigurationList = 917EBD4C2030D13900973A30 /* Build configuration list for PBXNativeTarget "Share.iOS" */;
			buildPhases = (
				917EBD3D2030D13900973A30 /* Sources */,
				917EBD3E2030D13900973A30 /* Frameworks */,
				917EBD3F2030D13900973A30 /* Resources */,
			);
			buildRules = (
			);
			dependencies = (
			);
			name = Share.iOS;
			productName = Share;
			productReference = 917EBD412030D13900973A30 /* Share.iOS.appex */;
			productType = "com.apple.product-type.app-extension";
		};
		917EBD5E2030E1E900973A30 /* Today.iOS */ = {
			isa = PBXNativeTarget;
			buildConfigurationList = 917EBD6C2030E1E900973A30 /* Build configuration list for PBXNativeTarget "Today.iOS" */;
			buildPhases = (
				917EBD5B2030E1E900973A30 /* Sources */,
				917EBD5C2030E1E900973A30 /* Frameworks */,
				917EBD5D2030E1E900973A30 /* Resources */,
			);
			buildRules = (
			);
			dependencies = (
			);
			name = Today.iOS;
			productName = Today;
			productReference = 917EBD5F2030E1E900973A30 /* Today.iOS.appex */;
			productType = "com.apple.product-type.app-extension";
		};
/* End PBXNativeTarget section */

/* Begin PBXProject section */
		915462182028F9E800323B46 /* Project object */ = {
			isa = PBXProject;
			attributes = {
				LastSwiftUpdateCheck = 0920;
				LastUpgradeCheck = 0920;
				ORGANIZATIONNAME = wonderbeard;
				TargetAttributes = {
					9154621F2028F9E800323B46 = {
						CreatedOnToolsVersion = 9.2;
						ProvisioningStyle = Automatic;
						SystemCapabilities = {
							com.apple.ApplicationGroups.iOS = {
								enabled = 1;
							};
							com.apple.NearFieldCommunicationTagReading = {
								enabled = 0;
							};
							com.apple.Push = {
								enabled = 1;
							};
							com.apple.iCloud = {
								enabled = 1;
							};
						};
					};
					915462332028F9E900323B46 = {
						CreatedOnToolsVersion = 9.2;
						ProvisioningStyle = Automatic;
						TestTargetID = 9154621F2028F9E800323B46;
					};
					9154623E2028F9E900323B46 = {
						CreatedOnToolsVersion = 9.2;
						ProvisioningStyle = Automatic;
						TestTargetID = 9154621F2028F9E800323B46;
					};
					917EBD402030D13900973A30 = {
						CreatedOnToolsVersion = 9.2;
						ProvisioningStyle = Automatic;
						SystemCapabilities = {
							com.apple.ApplicationGroups.iOS = {
								enabled = 1;
							};
							com.apple.Push = {
								enabled = 1;
							};
							com.apple.iCloud = {
								enabled = 1;
							};
						};
					};
					917EBD5E2030E1E900973A30 = {
						CreatedOnToolsVersion = 9.2;
						ProvisioningStyle = Automatic;
						SystemCapabilities = {
							com.apple.ApplicationGroups.iOS = {
								enabled = 1;
							};
							com.apple.Push = {
								enabled = 1;
							};
							com.apple.iCloud = {
								enabled = 1;
							};
						};
					};
				};
			};
			buildConfigurationList = 9154621B2028F9E800323B46 /* Build configuration list for PBXProject "ReadMinder" */;
			compatibilityVersion = "Xcode 8.0";
			developmentRegion = en;
			hasScannedForEncodings = 0;
			knownRegions = (
				en,
				Base,
			);
			mainGroup = 915462172028F9E800323B46;
			productRefGroup = 915462212028F9E800323B46 /* Products */;
			projectDirPath = "";
			projectRoot = "";
			targets = (
				9154621F2028F9E800323B46 /* ReadMinder.iOS */,
				915462332028F9E900323B46 /* ReadMinder.iOS-Tests */,
				9154623E2028F9E900323B46 /* ReadMinder.iOS-UITests */,
				917EBD402030D13900973A30 /* Share.iOS */,
				917EBD5E2030E1E900973A30 /* Today.iOS */,
			);
		};
/* End PBXProject section */

/* Begin PBXResourcesBuildPhase section */
		9154621E2028F9E800323B46 /* Resources */ = {
			isa = PBXResourcesBuildPhase;
			buildActionMask = 2147483647;
			files = (
				9154622E2028F9E800323B46 /* LaunchScreen.storyboard in Resources */,
				9154622B2028F9E800323B46 /* Assets.xcassets in Resources */,
				915462292028F9E800323B46 /* Main.storyboard in Resources */,
			);
			runOnlyForDeploymentPostprocessing = 0;
		};
		915462322028F9E900323B46 /* Resources */ = {
			isa = PBXResourcesBuildPhase;
			buildActionMask = 2147483647;
			files = (
			);
			runOnlyForDeploymentPostprocessing = 0;
		};
		9154623D2028F9E900323B46 /* Resources */ = {
			isa = PBXResourcesBuildPhase;
			buildActionMask = 2147483647;
			files = (
			);
			runOnlyForDeploymentPostprocessing = 0;
		};
		917EBD3F2030D13900973A30 /* Resources */ = {
			isa = PBXResourcesBuildPhase;
			buildActionMask = 2147483647;
			files = (
				917EBD472030D13900973A30 /* MainInterface.storyboard in Resources */,
			);
			runOnlyForDeploymentPostprocessing = 0;
		};
		917EBD5D2030E1E900973A30 /* Resources */ = {
			isa = PBXResourcesBuildPhase;
			buildActionMask = 2147483647;
			files = (
				917EBD672030E1E900973A30 /* MainInterface.storyboard in Resources */,
			);
			runOnlyForDeploymentPostprocessing = 0;
		};
/* End PBXResourcesBuildPhase section */

/* Begin PBXShellScriptBuildPhase section */
		2C1B443AE9AEB8BAA5284E48 /* [CP] Check Pods Manifest.lock */ = {
			isa = PBXShellScriptBuildPhase;
			buildActionMask = 2147483647;
			files = (
			);
			inputPaths = (
				"${PODS_PODFILE_DIR_PATH}/Podfile.lock",
				"${PODS_ROOT}/Manifest.lock",
			);
			name = "[CP] Check Pods Manifest.lock";
			outputPaths = (
				"$(DERIVED_FILE_DIR)/Pods-ReadMinderUITests-checkManifestLockResult.txt",
			);
			runOnlyForDeploymentPostprocessing = 0;
			shellPath = /bin/sh;
			shellScript = "diff \"${PODS_PODFILE_DIR_PATH}/Podfile.lock\" \"${PODS_ROOT}/Manifest.lock\" > /dev/null\nif [ $? != 0 ] ; then\n    # print error to STDERR\n    echo \"error: The sandbox is not in sync with the Podfile.lock. Run 'pod install' or update your CocoaPods installation.\" >&2\n    exit 1\nfi\n# This output is used by Xcode 'outputs' to avoid re-running this script phase.\necho \"SUCCESS\" > \"${SCRIPT_OUTPUT_FILE_0}\"\n";
			showEnvVarsInLog = 0;
		};
		2F4E6765C39CBCE6F5A40325 /* [CP] Embed Pods Frameworks */ = {
			isa = PBXShellScriptBuildPhase;
			buildActionMask = 2147483647;
			files = (
			);
			inputPaths = (
				"${SRCROOT}/Pods/Target Support Files/Pods-ReadMinder/Pods-ReadMinder-frameworks.sh",
				"${BUILT_PRODUCTS_DIR}/Swinject/Swinject.framework",
			);
			name = "[CP] Embed Pods Frameworks";
			outputPaths = (
				"${TARGET_BUILD_DIR}/${FRAMEWORKS_FOLDER_PATH}/Swinject.framework",
			);
			runOnlyForDeploymentPostprocessing = 0;
			shellPath = /bin/sh;
			shellScript = "\"${SRCROOT}/Pods/Target Support Files/Pods-ReadMinder/Pods-ReadMinder-frameworks.sh\"\n";
			showEnvVarsInLog = 0;
		};
		34059A7455AC8033F5C5347E /* [CP] Copy Pods Resources */ = {
			isa = PBXShellScriptBuildPhase;
			buildActionMask = 2147483647;
			files = (
			);
			inputPaths = (
			);
			name = "[CP] Copy Pods Resources";
			outputPaths = (
			);
			runOnlyForDeploymentPostprocessing = 0;
			shellPath = /bin/sh;
			shellScript = "\"${SRCROOT}/Pods/Target Support Files/Pods-ReadMinderUITests/Pods-ReadMinderUITests-resources.sh\"\n";
			showEnvVarsInLog = 0;
		};
		69148A08564E1B8877FEC3CD /* [CP] Embed Pods Frameworks */ = {
			isa = PBXShellScriptBuildPhase;
			buildActionMask = 2147483647;
			files = (
			);
			inputPaths = (
			);
			name = "[CP] Embed Pods Frameworks";
			outputPaths = (
			);
			runOnlyForDeploymentPostprocessing = 0;
			shellPath = /bin/sh;
			shellScript = "\"${SRCROOT}/Pods/Target Support Files/Pods-ReadMinderTests/Pods-ReadMinderTests-frameworks.sh\"\n";
			showEnvVarsInLog = 0;
		};
		91F32C76130E7FCA5F4C315D /* [CP] Copy Pods Resources */ = {
			isa = PBXShellScriptBuildPhase;
			buildActionMask = 2147483647;
			files = (
			);
			inputPaths = (
			);
			name = "[CP] Copy Pods Resources";
			outputPaths = (
			);
			runOnlyForDeploymentPostprocessing = 0;
			shellPath = /bin/sh;
			shellScript = "\"${SRCROOT}/Pods/Target Support Files/Pods-ReadMinder/Pods-ReadMinder-resources.sh\"\n";
			showEnvVarsInLog = 0;
		};
		94B03C9E04E55838C7DDE7B7 /* [CP] Check Pods Manifest.lock */ = {
			isa = PBXShellScriptBuildPhase;
			buildActionMask = 2147483647;
			files = (
			);
			inputPaths = (
				"${PODS_PODFILE_DIR_PATH}/Podfile.lock",
				"${PODS_ROOT}/Manifest.lock",
			);
			name = "[CP] Check Pods Manifest.lock";
			outputPaths = (
				"$(DERIVED_FILE_DIR)/Pods-ReadMinderTests-checkManifestLockResult.txt",
			);
			runOnlyForDeploymentPostprocessing = 0;
			shellPath = /bin/sh;
			shellScript = "diff \"${PODS_PODFILE_DIR_PATH}/Podfile.lock\" \"${PODS_ROOT}/Manifest.lock\" > /dev/null\nif [ $? != 0 ] ; then\n    # print error to STDERR\n    echo \"error: The sandbox is not in sync with the Podfile.lock. Run 'pod install' or update your CocoaPods installation.\" >&2\n    exit 1\nfi\n# This output is used by Xcode 'outputs' to avoid re-running this script phase.\necho \"SUCCESS\" > \"${SCRIPT_OUTPUT_FILE_0}\"\n";
			showEnvVarsInLog = 0;
		};
		B402212CA1A6C6D7490D00B1 /* [CP] Embed Pods Frameworks */ = {
			isa = PBXShellScriptBuildPhase;
			buildActionMask = 2147483647;
			files = (
			);
			inputPaths = (
			);
			name = "[CP] Embed Pods Frameworks";
			outputPaths = (
			);
			runOnlyForDeploymentPostprocessing = 0;
			shellPath = /bin/sh;
			shellScript = "\"${SRCROOT}/Pods/Target Support Files/Pods-ReadMinderUITests/Pods-ReadMinderUITests-frameworks.sh\"\n";
			showEnvVarsInLog = 0;
		};
		D0F0999C574432EE4BAB6720 /* [CP] Copy Pods Resources */ = {
			isa = PBXShellScriptBuildPhase;
			buildActionMask = 2147483647;
			files = (
			);
			inputPaths = (
			);
			name = "[CP] Copy Pods Resources";
			outputPaths = (
			);
			runOnlyForDeploymentPostprocessing = 0;
			shellPath = /bin/sh;
			shellScript = "\"${SRCROOT}/Pods/Target Support Files/Pods-ReadMinderTests/Pods-ReadMinderTests-resources.sh\"\n";
			showEnvVarsInLog = 0;
		};
		F294AD4619A85696D3D27354 /* [CP] Check Pods Manifest.lock */ = {
			isa = PBXShellScriptBuildPhase;
			buildActionMask = 2147483647;
			files = (
			);
			inputPaths = (
				"${PODS_PODFILE_DIR_PATH}/Podfile.lock",
				"${PODS_ROOT}/Manifest.lock",
			);
			name = "[CP] Check Pods Manifest.lock";
			outputPaths = (
				"$(DERIVED_FILE_DIR)/Pods-ReadMinder-checkManifestLockResult.txt",
			);
			runOnlyForDeploymentPostprocessing = 0;
			shellPath = /bin/sh;
			shellScript = "diff \"${PODS_PODFILE_DIR_PATH}/Podfile.lock\" \"${PODS_ROOT}/Manifest.lock\" > /dev/null\nif [ $? != 0 ] ; then\n    # print error to STDERR\n    echo \"error: The sandbox is not in sync with the Podfile.lock. Run 'pod install' or update your CocoaPods installation.\" >&2\n    exit 1\nfi\n# This output is used by Xcode 'outputs' to avoid re-running this script phase.\necho \"SUCCESS\" > \"${SCRIPT_OUTPUT_FILE_0}\"\n";
			showEnvVarsInLog = 0;
		};
/* End PBXShellScriptBuildPhase section */

/* Begin PBXSourcesBuildPhase section */
		9154621C2028F9E800323B46 /* Sources */ = {
			isa = PBXSourcesBuildPhase;
			buildActionMask = 2147483647;
			files = (
				915462262028F9E800323B46 /* ViewController.swift in Sources */,
				915462242028F9E800323B46 /* Application.swift in Sources */,
				917EBD8B2030F15F00973A30 /* MainAssembler.swift in Sources */,
			);
			runOnlyForDeploymentPostprocessing = 0;
		};
		915462302028F9E900323B46 /* Sources */ = {
			isa = PBXSourcesBuildPhase;
			buildActionMask = 2147483647;
			files = (
				915462392028F9E900323B46 /* ReadMinderTests.swift in Sources */,
			);
			runOnlyForDeploymentPostprocessing = 0;
		};
		9154623B2028F9E900323B46 /* Sources */ = {
			isa = PBXSourcesBuildPhase;
			buildActionMask = 2147483647;
			files = (
				915462442028F9E900323B46 /* ReadMinderUITests.swift in Sources */,
			);
			runOnlyForDeploymentPostprocessing = 0;
		};
		917EBD3D2030D13900973A30 /* Sources */ = {
			isa = PBXSourcesBuildPhase;
			buildActionMask = 2147483647;
			files = (
				917EBD442030D13900973A30 /* ShareViewController.swift in Sources */,
			);
			runOnlyForDeploymentPostprocessing = 0;
		};
		917EBD5B2030E1E900973A30 /* Sources */ = {
			isa = PBXSourcesBuildPhase;
			buildActionMask = 2147483647;
			files = (
				917EBD642030E1E900973A30 /* TodayViewController.swift in Sources */,
			);
			runOnlyForDeploymentPostprocessing = 0;
		};
/* End PBXSourcesBuildPhase section */

/* Begin PBXTargetDependency section */
		915462362028F9E900323B46 /* PBXTargetDependency */ = {
			isa = PBXTargetDependency;
			target = 9154621F2028F9E800323B46 /* ReadMinder.iOS */;
			targetProxy = 915462352028F9E900323B46 /* PBXContainerItemProxy */;
		};
		915462412028F9E900323B46 /* PBXTargetDependency */ = {
			isa = PBXTargetDependency;
			target = 9154621F2028F9E800323B46 /* ReadMinder.iOS */;
			targetProxy = 915462402028F9E900323B46 /* PBXContainerItemProxy */;
		};
		917EBD4A2030D13900973A30 /* PBXTargetDependency */ = {
			isa = PBXTargetDependency;
			target = 917EBD402030D13900973A30 /* Share.iOS */;
			targetProxy = 917EBD492030D13900973A30 /* PBXContainerItemProxy */;
		};
		917EBD6A2030E1E900973A30 /* PBXTargetDependency */ = {
			isa = PBXTargetDependency;
			target = 917EBD5E2030E1E900973A30 /* Today.iOS */;
			targetProxy = 917EBD692030E1E900973A30 /* PBXContainerItemProxy */;
		};
/* End PBXTargetDependency section */

/* Begin PBXVariantGroup section */
		915462272028F9E800323B46 /* Main.storyboard */ = {
			isa = PBXVariantGroup;
			children = (
				915462282028F9E800323B46 /* Base */,
			);
			name = Main.storyboard;
			sourceTree = "<group>";
		};
		9154622C2028F9E800323B46 /* LaunchScreen.storyboard */ = {
			isa = PBXVariantGroup;
			children = (
				9154622D2028F9E800323B46 /* Base */,
			);
			name = LaunchScreen.storyboard;
			sourceTree = "<group>";
		};
		917EBD452030D13900973A30 /* MainInterface.storyboard */ = {
			isa = PBXVariantGroup;
			children = (
				917EBD462030D13900973A30 /* Base */,
			);
			name = MainInterface.storyboard;
			sourceTree = "<group>";
		};
		917EBD652030E1E900973A30 /* MainInterface.storyboard */ = {
			isa = PBXVariantGroup;
			children = (
				917EBD662030E1E900973A30 /* Base */,
			);
			name = MainInterface.storyboard;
			sourceTree = "<group>";
		};
/* End PBXVariantGroup section */

/* Begin XCBuildConfiguration section */
		915462462028F9E900323B46 /* Debug */ = {
			isa = XCBuildConfiguration;
			buildSettings = {
				ALWAYS_SEARCH_USER_PATHS = NO;
				CLANG_ANALYZER_NONNULL = YES;
				CLANG_ANALYZER_NUMBER_OBJECT_CONVERSION = YES_AGGRESSIVE;
				CLANG_CXX_LANGUAGE_STANDARD = "gnu++14";
				CLANG_CXX_LIBRARY = "libc++";
				CLANG_ENABLE_MODULES = YES;
				CLANG_ENABLE_OBJC_ARC = YES;
				CLANG_WARN_BLOCK_CAPTURE_AUTORELEASING = YES;
				CLANG_WARN_BOOL_CONVERSION = YES;
				CLANG_WARN_COMMA = YES;
				CLANG_WARN_CONSTANT_CONVERSION = YES;
				CLANG_WARN_DIRECT_OBJC_ISA_USAGE = YES_ERROR;
				CLANG_WARN_DOCUMENTATION_COMMENTS = YES;
				CLANG_WARN_EMPTY_BODY = YES;
				CLANG_WARN_ENUM_CONVERSION = YES;
				CLANG_WARN_INFINITE_RECURSION = YES;
				CLANG_WARN_INT_CONVERSION = YES;
				CLANG_WARN_NON_LITERAL_NULL_CONVERSION = YES;
				CLANG_WARN_OBJC_LITERAL_CONVERSION = YES;
				CLANG_WARN_OBJC_ROOT_CLASS = YES_ERROR;
				CLANG_WARN_RANGE_LOOP_ANALYSIS = YES;
				CLANG_WARN_STRICT_PROTOTYPES = YES;
				CLANG_WARN_SUSPICIOUS_MOVE = YES;
				CLANG_WARN_UNGUARDED_AVAILABILITY = YES_AGGRESSIVE;
				CLANG_WARN_UNREACHABLE_CODE = YES;
				CLANG_WARN__DUPLICATE_METHOD_MATCH = YES;
				CODE_SIGN_IDENTITY = "iPhone Developer";
				COPY_PHASE_STRIP = NO;
				DEBUG_INFORMATION_FORMAT = dwarf;
				ENABLE_STRICT_OBJC_MSGSEND = YES;
				ENABLE_TESTABILITY = YES;
				GCC_C_LANGUAGE_STANDARD = gnu11;
				GCC_DYNAMIC_NO_PIC = NO;
				GCC_NO_COMMON_BLOCKS = YES;
				GCC_OPTIMIZATION_LEVEL = 0;
				GCC_PREPROCESSOR_DEFINITIONS = (
					"DEBUG=1",
					"$(inherited)",
				);
				GCC_WARN_64_TO_32_BIT_CONVERSION = YES;
				GCC_WARN_ABOUT_RETURN_TYPE = YES_ERROR;
				GCC_WARN_UNDECLARED_SELECTOR = YES;
				GCC_WARN_UNINITIALIZED_AUTOS = YES_AGGRESSIVE;
				GCC_WARN_UNUSED_FUNCTION = YES;
				GCC_WARN_UNUSED_VARIABLE = YES;
				IPHONEOS_DEPLOYMENT_TARGET = 10.0;
				MTL_ENABLE_DEBUG_INFO = YES;
				ONLY_ACTIVE_ARCH = YES;
				SDKROOT = iphoneos;
				SWIFT_ACTIVE_COMPILATION_CONDITIONS = DEBUG;
				SWIFT_OPTIMIZATION_LEVEL = "-Onone";
			};
			name = Debug;
		};
		915462472028F9E900323B46 /* Release */ = {
			isa = XCBuildConfiguration;
			buildSettings = {
				ALWAYS_SEARCH_USER_PATHS = NO;
				CLANG_ANALYZER_NONNULL = YES;
				CLANG_ANALYZER_NUMBER_OBJECT_CONVERSION = YES_AGGRESSIVE;
				CLANG_CXX_LANGUAGE_STANDARD = "gnu++14";
				CLANG_CXX_LIBRARY = "libc++";
				CLANG_ENABLE_MODULES = YES;
				CLANG_ENABLE_OBJC_ARC = YES;
				CLANG_WARN_BLOCK_CAPTURE_AUTORELEASING = YES;
				CLANG_WARN_BOOL_CONVERSION = YES;
				CLANG_WARN_COMMA = YES;
				CLANG_WARN_CONSTANT_CONVERSION = YES;
				CLANG_WARN_DIRECT_OBJC_ISA_USAGE = YES_ERROR;
				CLANG_WARN_DOCUMENTATION_COMMENTS = YES;
				CLANG_WARN_EMPTY_BODY = YES;
				CLANG_WARN_ENUM_CONVERSION = YES;
				CLANG_WARN_INFINITE_RECURSION = YES;
				CLANG_WARN_INT_CONVERSION = YES;
				CLANG_WARN_NON_LITERAL_NULL_CONVERSION = YES;
				CLANG_WARN_OBJC_LITERAL_CONVERSION = YES;
				CLANG_WARN_OBJC_ROOT_CLASS = YES_ERROR;
				CLANG_WARN_RANGE_LOOP_ANALYSIS = YES;
				CLANG_WARN_STRICT_PROTOTYPES = YES;
				CLANG_WARN_SUSPICIOUS_MOVE = YES;
				CLANG_WARN_UNGUARDED_AVAILABILITY = YES_AGGRESSIVE;
				CLANG_WARN_UNREACHABLE_CODE = YES;
				CLANG_WARN__DUPLICATE_METHOD_MATCH = YES;
				CODE_SIGN_IDENTITY = "iPhone Developer";
				COPY_PHASE_STRIP = NO;
				DEBUG_INFORMATION_FORMAT = "dwarf-with-dsym";
				ENABLE_NS_ASSERTIONS = NO;
				ENABLE_STRICT_OBJC_MSGSEND = YES;
				GCC_C_LANGUAGE_STANDARD = gnu11;
				GCC_NO_COMMON_BLOCKS = YES;
				GCC_WARN_64_TO_32_BIT_CONVERSION = YES;
				GCC_WARN_ABOUT_RETURN_TYPE = YES_ERROR;
				GCC_WARN_UNDECLARED_SELECTOR = YES;
				GCC_WARN_UNINITIALIZED_AUTOS = YES_AGGRESSIVE;
				GCC_WARN_UNUSED_FUNCTION = YES;
				GCC_WARN_UNUSED_VARIABLE = YES;
				IPHONEOS_DEPLOYMENT_TARGET = 10.0;
				MTL_ENABLE_DEBUG_INFO = NO;
				SDKROOT = iphoneos;
				SWIFT_OPTIMIZATION_LEVEL = "-Owholemodule";
				VALIDATE_PRODUCT = YES;
			};
			name = Release;
		};
		915462492028F9E900323B46 /* Debug */ = {
			isa = XCBuildConfiguration;
			baseConfigurationReference = 94844C563DEC20CC3BE258A3 /* Pods-ReadMinder.debug.xcconfig */;
			buildSettings = {
				ALWAYS_EMBED_SWIFT_STANDARD_LIBRARIES = YES;
				ASSETCATALOG_COMPILER_APPICON_NAME = AppIcon;
				CODE_SIGN_ENTITLEMENTS = ReadMinder/ReadMinder.entitlements;
				CODE_SIGN_STYLE = Automatic;
				DEVELOPMENT_TEAM = 68RDDPSR29;
				INFOPLIST_FILE = ReadMinder/Info.plist;
				LD_RUNPATH_SEARCH_PATHS = "$(inherited) @executable_path/Frameworks";
				PRODUCT_BUNDLE_IDENTIFIER = "com.wonderbeard.read-minder";
				PRODUCT_NAME = "$(TARGET_NAME)";
				SWIFT_VERSION = 4.0;
				TARGETED_DEVICE_FAMILY = "1,2";
			};
			name = Debug;
		};
		9154624A2028F9E900323B46 /* Release */ = {
			isa = XCBuildConfiguration;
			baseConfigurationReference = E0D2D902B91F39CE7015430F /* Pods-ReadMinder.release.xcconfig */;
			buildSettings = {
				ALWAYS_EMBED_SWIFT_STANDARD_LIBRARIES = YES;
				ASSETCATALOG_COMPILER_APPICON_NAME = AppIcon;
				CODE_SIGN_ENTITLEMENTS = ReadMinder/ReadMinder.entitlements;
				CODE_SIGN_STYLE = Automatic;
				DEVELOPMENT_TEAM = 68RDDPSR29;
				INFOPLIST_FILE = ReadMinder/Info.plist;
				LD_RUNPATH_SEARCH_PATHS = "$(inherited) @executable_path/Frameworks";
				PRODUCT_BUNDLE_IDENTIFIER = "com.wonderbeard.read-minder";
				PRODUCT_NAME = "$(TARGET_NAME)";
				SWIFT_VERSION = 4.0;
				TARGETED_DEVICE_FAMILY = "1,2";
			};
			name = Release;
		};
		9154624C2028F9E900323B46 /* Debug */ = {
			isa = XCBuildConfiguration;
			baseConfigurationReference = FA82A93A7BF89F31A9E7236F /* Pods-ReadMinderTests.debug.xcconfig */;
			buildSettings = {
				ALWAYS_EMBED_SWIFT_STANDARD_LIBRARIES = YES;
				BUNDLE_LOADER = "$(TEST_HOST)";
				CODE_SIGN_STYLE = Automatic;
				DEVELOPMENT_TEAM = 68RDDPSR29;
				INFOPLIST_FILE = ReadMinderTests/Info.plist;
				LD_RUNPATH_SEARCH_PATHS = "$(inherited) @executable_path/Frameworks @loader_path/Frameworks";
				PRODUCT_BUNDLE_IDENTIFIER = "com.wonderbeard.read-minder-tests";
				PRODUCT_NAME = "$(TARGET_NAME)";
				SWIFT_VERSION = 4.0;
				TARGETED_DEVICE_FAMILY = "1,2";
				TEST_HOST = "$(BUILT_PRODUCTS_DIR)/ReadMinder.app/ReadMinder";
			};
			name = Debug;
		};
		9154624D2028F9E900323B46 /* Release */ = {
			isa = XCBuildConfiguration;
			baseConfigurationReference = 7E71C54BFD911EB8ECD6F777 /* Pods-ReadMinderTests.release.xcconfig */;
			buildSettings = {
				ALWAYS_EMBED_SWIFT_STANDARD_LIBRARIES = YES;
				BUNDLE_LOADER = "$(TEST_HOST)";
				CODE_SIGN_STYLE = Automatic;
				DEVELOPMENT_TEAM = 68RDDPSR29;
				INFOPLIST_FILE = ReadMinderTests/Info.plist;
				LD_RUNPATH_SEARCH_PATHS = "$(inherited) @executable_path/Frameworks @loader_path/Frameworks";
				PRODUCT_BUNDLE_IDENTIFIER = "com.wonderbeard.read-minder-tests";
				PRODUCT_NAME = "$(TARGET_NAME)";
				SWIFT_VERSION = 4.0;
				TARGETED_DEVICE_FAMILY = "1,2";
				TEST_HOST = "$(BUILT_PRODUCTS_DIR)/ReadMinder.app/ReadMinder";
			};
			name = Release;
		};
		9154624F2028F9E900323B46 /* Debug */ = {
			isa = XCBuildConfiguration;
			baseConfigurationReference = D90F743EB8E6757F9F370417 /* Pods-ReadMinderUITests.debug.xcconfig */;
			buildSettings = {
				ALWAYS_EMBED_SWIFT_STANDARD_LIBRARIES = YES;
				CODE_SIGN_STYLE = Automatic;
				DEVELOPMENT_TEAM = 68RDDPSR29;
				INFOPLIST_FILE = ReadMinderUITests/Info.plist;
				LD_RUNPATH_SEARCH_PATHS = "$(inherited) @executable_path/Frameworks @loader_path/Frameworks";
				PRODUCT_BUNDLE_IDENTIFIER = "com.wonderbeard.read-minder-UITests";
				PRODUCT_NAME = "$(TARGET_NAME)";
				SWIFT_VERSION = 4.0;
				TARGETED_DEVICE_FAMILY = "1,2";
				TEST_TARGET_NAME = ReadMinder;
			};
			name = Debug;
		};
		915462502028F9E900323B46 /* Release */ = {
			isa = XCBuildConfiguration;
			baseConfigurationReference = DE015C052FCC505D6A7A072C /* Pods-ReadMinderUITests.release.xcconfig */;
			buildSettings = {
				ALWAYS_EMBED_SWIFT_STANDARD_LIBRARIES = YES;
				CODE_SIGN_STYLE = Automatic;
				DEVELOPMENT_TEAM = 68RDDPSR29;
				INFOPLIST_FILE = ReadMinderUITests/Info.plist;
				LD_RUNPATH_SEARCH_PATHS = "$(inherited) @executable_path/Frameworks @loader_path/Frameworks";
				PRODUCT_BUNDLE_IDENTIFIER = "com.wonderbeard.read-minder-UITests";
				PRODUCT_NAME = "$(TARGET_NAME)";
				SWIFT_VERSION = 4.0;
				TARGETED_DEVICE_FAMILY = "1,2";
				TEST_TARGET_NAME = ReadMinder;
			};
			name = Release;
		};
		917EBD4D2030D13900973A30 /* Debug */ = {
			isa = XCBuildConfiguration;
			buildSettings = {
				CODE_SIGN_ENTITLEMENTS = Share/Share.entitlements;
				CODE_SIGN_STYLE = Automatic;
				DEVELOPMENT_TEAM = 68RDDPSR29;
				INFOPLIST_FILE = Share/Info.plist;
				IPHONEOS_DEPLOYMENT_TARGET = 11.2;
				LD_RUNPATH_SEARCH_PATHS = "$(inherited) @executable_path/Frameworks @executable_path/../../Frameworks";
				PRODUCT_BUNDLE_IDENTIFIER = "com.wonderbeard.read-minder.share";
				PRODUCT_NAME = "$(TARGET_NAME)";
				SKIP_INSTALL = YES;
				SWIFT_VERSION = 4.0;
				TARGETED_DEVICE_FAMILY = "1,2";
			};
			name = Debug;
		};
		917EBD4E2030D13900973A30 /* Release */ = {
			isa = XCBuildConfiguration;
			buildSettings = {
				CODE_SIGN_ENTITLEMENTS = Share/Share.entitlements;
				CODE_SIGN_STYLE = Automatic;
				DEVELOPMENT_TEAM = 68RDDPSR29;
				INFOPLIST_FILE = Share/Info.plist;
				IPHONEOS_DEPLOYMENT_TARGET = 11.2;
				LD_RUNPATH_SEARCH_PATHS = "$(inherited) @executable_path/Frameworks @executable_path/../../Frameworks";
				PRODUCT_BUNDLE_IDENTIFIER = "com.wonderbeard.read-minder.share";
				PRODUCT_NAME = "$(TARGET_NAME)";
				SKIP_INSTALL = YES;
				SWIFT_VERSION = 4.0;
				TARGETED_DEVICE_FAMILY = "1,2";
			};
			name = Release;
		};
		917EBD6D2030E1E900973A30 /* Debug */ = {
			isa = XCBuildConfiguration;
			buildSettings = {
				CODE_SIGN_ENTITLEMENTS = Today/Today.entitlements;
				CODE_SIGN_STYLE = Automatic;
				DEVELOPMENT_TEAM = 68RDDPSR29;
				INFOPLIST_FILE = Today/Info.plist;
				IPHONEOS_DEPLOYMENT_TARGET = 11.2;
				LD_RUNPATH_SEARCH_PATHS = "$(inherited) @executable_path/Frameworks @executable_path/../../Frameworks";
				PRODUCT_BUNDLE_IDENTIFIER = "com.wonderbeard.read-minder.today";
				PRODUCT_NAME = "$(TARGET_NAME)";
				SKIP_INSTALL = YES;
				SWIFT_VERSION = 4.0;
				TARGETED_DEVICE_FAMILY = "1,2";
			};
			name = Debug;
		};
		917EBD6E2030E1E900973A30 /* Release */ = {
			isa = XCBuildConfiguration;
			buildSettings = {
				CODE_SIGN_ENTITLEMENTS = Today/Today.entitlements;
				CODE_SIGN_STYLE = Automatic;
				DEVELOPMENT_TEAM = 68RDDPSR29;
				INFOPLIST_FILE = Today/Info.plist;
				IPHONEOS_DEPLOYMENT_TARGET = 11.2;
				LD_RUNPATH_SEARCH_PATHS = "$(inherited) @executable_path/Frameworks @executable_path/../../Frameworks";
				PRODUCT_BUNDLE_IDENTIFIER = "com.wonderbeard.read-minder.today";
				PRODUCT_NAME = "$(TARGET_NAME)";
				SKIP_INSTALL = YES;
				SWIFT_VERSION = 4.0;
				TARGETED_DEVICE_FAMILY = "1,2";
			};
			name = Release;
		};
/* End XCBuildConfiguration section */

/* Begin XCConfigurationList section */
		9154621B2028F9E800323B46 /* Build configuration list for PBXProject "ReadMinder" */ = {
			isa = XCConfigurationList;
			buildConfigurations = (
				915462462028F9E900323B46 /* Debug */,
				915462472028F9E900323B46 /* Release */,
			);
			defaultConfigurationIsVisible = 0;
			defaultConfigurationName = Release;
		};
		915462482028F9E900323B46 /* Build configuration list for PBXNativeTarget "ReadMinder.iOS" */ = {
			isa = XCConfigurationList;
			buildConfigurations = (
				915462492028F9E900323B46 /* Debug */,
				9154624A2028F9E900323B46 /* Release */,
			);
			defaultConfigurationIsVisible = 0;
			defaultConfigurationName = Release;
		};
		9154624B2028F9E900323B46 /* Build configuration list for PBXNativeTarget "ReadMinder.iOS-Tests" */ = {
			isa = XCConfigurationList;
			buildConfigurations = (
				9154624C2028F9E900323B46 /* Debug */,
				9154624D2028F9E900323B46 /* Release */,
			);
			defaultConfigurationIsVisible = 0;
			defaultConfigurationName = Release;
		};
		9154624E2028F9E900323B46 /* Build configuration list for PBXNativeTarget "ReadMinder.iOS-UITests" */ = {
			isa = XCConfigurationList;
			buildConfigurations = (
				9154624F2028F9E900323B46 /* Debug */,
				915462502028F9E900323B46 /* Release */,
			);
			defaultConfigurationIsVisible = 0;
			defaultConfigurationName = Release;
		};
		917EBD4C2030D13900973A30 /* Build configuration list for PBXNativeTarget "Share.iOS" */ = {
			isa = XCConfigurationList;
			buildConfigurations = (
				917EBD4D2030D13900973A30 /* Debug */,
				917EBD4E2030D13900973A30 /* Release */,
			);
			defaultConfigurationIsVisible = 0;
			defaultConfigurationName = Release;
		};
		917EBD6C2030E1E900973A30 /* Build configuration list for PBXNativeTarget "Today.iOS" */ = {
			isa = XCConfigurationList;
			buildConfigurations = (
				917EBD6D2030E1E900973A30 /* Debug */,
				917EBD6E2030E1E900973A30 /* Release */,
			);
			defaultConfigurationIsVisible = 0;
			defaultConfigurationName = Release;
		};
/* End XCConfigurationList section */
	};
	rootObject = 915462182028F9E800323B46 /* Project object */;
}
